{
  "nodes": {
    "brew-src": {
      "flake": false,
      "locked": {
        "lastModified": 1753461463,
        "narHash": "sha256-kGc7pRH0diLzKmOHsEFA8sZ9NJpgT+tqxAMsuqNd5Po=",
        "owner": "Homebrew",
        "repo": "brew",
        "rev": "4d14be89e99a45181c18e96a5f19a5b43343cc0f",
        "type": "github"
      },
      "original": {
        "owner": "Homebrew",
        "ref": "4.5.13",
        "repo": "brew",
        "type": "github"
      }
    },
    "darwin": {
      "inputs": {
        "nixpkgs": [
          "nixpkgs"
        ]
      },
      "locked": {
        "lastModified": 1751313918,
        "narHash": "sha256-HsJM3XLa43WpG+665aGEh8iS8AfEwOIQWk3Mke3e7nk=",
        "owner": "lnl7",
        "repo": "nix-darwin",
        "rev": "e04a388232d9a6ba56967ce5b53a8a6f713cdfcf",
        "type": "github"
      },
      "original": {
        "owner": "lnl7",
        "repo": "nix-darwin",
        "type": "github"
      }
    },
    "home-manager": {
      "inputs": {
        "nixpkgs": [
          "nixpkgs"
        ]
      },
      "locked": {
        "lastModified": 1754924470,
        "narHash": "sha256-asI/or9AcUMydwzodCgpHGytnMSNUlciw3uaycpXm4E=",
        "owner": "nix-community",
        "repo": "home-manager",
        "rev": "67393957c27b4e4c6c48a60108a201413ced7800",
        "type": "github"
      },
      "original": {
        "owner": "nix-community",
        "repo": "home-manager",
        "type": "github"
      }
    },
    "homebrew-cask": {
      "flake": false,
      "locked": {
        "lastModified": 1754939711,
        "narHash": "sha256-TWAe8yRUxoTAm2irG7ByIByhny+hYY9LDbCka2I50ls=",
        "owner": "homebrew",
        "repo": "homebrew-cask",
        "rev": "0df89c72845e014596e01b3a2ff20e25418bb561",
        "type": "github"
      },
      "original": {
        "owner": "homebrew",
        "repo": "homebrew-cask",
        "type": "github"
      }
    },
    "homebrew-core": {
      "flake": false,
      "locked": {
        "lastModified": 1754936400,
        "narHash": "sha256-Q6PkDtsW4LNRKTHeffSpJ0VIDUSqTc4q3Mt3etbUiYI=",
        "owner": "homebrew",
        "repo": "homebrew-core",
        "rev": "7dda90deaf726003c2d304fcc4b071aee968fa64",
        "type": "github"
      },
      "original": {
        "owner": "homebrew",
        "repo": "homebrew-core",
        "type": "github"
      }
    },
    "homebrew-emacs-plus": {
      "flake": false,
      "locked": {
        "lastModified": 1754320041,
        "narHash": "sha256-BT0XP4/PUq1n7eboeoMD0POq+wps1dUkKpiBFvjwBjI=",
        "owner": "d12frosted",
        "repo": "homebrew-emacs-plus",
        "rev": "cd8d57de9ac25d9822567ea4d51d5c67d791d7ab",
        "type": "github"
      },
      "original": {
        "owner": "d12frosted",
        "repo": "homebrew-emacs-plus",
        "type": "github"
      }
    },
    "homebrew-span-tap": {
      "flake": false,
      "locked": {
        "lastModified": 1753800748,
        "narHash": "sha256-JXmWQTf/8UeknX64pzZy47dS6EopY0Vwg9+Qro5aDYU=",
        "owner": "SPANDigital",
        "repo": "homebrew-tap",
        "rev": "93b9d4cecdc2f6509afc603cf04e6aef52413bb9",
        "type": "github"
      },
      "original": {
        "owner": "SPANDigital",
        "repo": "homebrew-tap",
        "type": "github"
      }
    },
    "nix-homebrew": {
      "inputs": {
        "brew-src": "brew-src"
      },
      "locked": {
        "lastModified": 1754250993,
        "narHash": "sha256-MEin+qoQKtFC1b0f4tnQ+Z82BQWSCgh6Ef7rpmH9gig=",
        "owner": "zhaofengli-wip",
        "repo": "nix-homebrew",
        "rev": "314d057294e79bc2596972126b84c6f9f144499a",
        "type": "github"
      },
      "original": {
        "owner": "zhaofengli-wip",
        "repo": "nix-homebrew",
        "type": "github"
      }
    },
    "nixpkgs": {
      "locked": {
        "lastModified": 1754800730,
        "narHash": "sha256-HfVZCXic9XLBgybP0318ym3cDnGwBs/+H5MgxFVYF4I=",
        "owner": "nixos",
        "repo": "nixpkgs",
        "rev": "641d909c4a7538f1539da9240dedb1755c907e40",
        "type": "github"
      },
      "original": {
        "owner": "nixos",
        "ref": "nixpkgs-unstable",
        "repo": "nixpkgs",
        "type": "github"
      }
    },
    "root": {
      "inputs": {
        "darwin": "darwin",
        "home-manager": "home-manager",
        "homebrew-cask": "homebrew-cask",
        "homebrew-core": "homebrew-core",
        "homebrew-emacs-plus": "homebrew-emacs-plus",
        "homebrew-span-tap": "homebrew-span-tap",
        "nix-homebrew": "nix-homebrew",
        "nixpkgs": "nixpkgs"
      }
    }
  },
  "root": "root",
  "version": 7
}
